
Microsoft Visual Studio Solution File, Format Version 11.00
# Visual Studio 2010
Project("{FAE04EC0-301F-11D3-BF4B-00C04F79EFBC}") = "Photon15March22JuneBackup", "Assembly-CSharp.csproj", "{259C6985-CBED-9C78-17F1-ABD916184B1B}"
EndProject
Project("{FAE04EC0-301F-11D3-BF4B-00C04F79EFBC}") = "Photon15March22JuneBackup", "Assembly-CSharp-firstpass.csproj", "{DF49442C-BCC8-F5A3-9875-F3D350274957}"
EndProject
Project("{FAE04EC0-301F-11D3-BF4B-00C04F79EFBC}") = "Photon15March22JuneBackup", "Assembly-CSharp-Editor-firstpass.csproj", "{2AF129B1-B29F-C822-AAB5-027A9ADD8085}"
EndProject
Project("{FAE04EC0-301F-11D3-BF4B-00C04F79EFBC}") = "Photon15March22JuneBackup", "Assembly-CSharp-Editor.csproj", "{D1EC6FBB-0815-BBA4-E028-92CC3926259D}"
EndProject
Global
	GlobalSection(SolutionConfigurationPlatforms) = preSolution
		Debug|Any CPU = Debug|Any CPU
		Release|Any CPU = Release|Any CPU
	EndGlobalSection
	GlobalSection(ProjectConfigurationPlatforms) = postSolution
		{259C6985-CBED-9C78-17F1-ABD916184B1B}.Debug|Any CPU.ActiveCfg = Debug|Any CPU
		{259C6985-CBED-9C78-17F1-ABD916184B1B}.Debug|Any CPU.Build.0 = Debug|Any CPU
		{259C6985-CBED-9C78-17F1-ABD916184B1B}.Release|Any CPU.ActiveCfg = Release|Any CPU
		{259C6985-CBED-9C78-17F1-ABD916184B1B}.Release|Any CPU.Build.0 = Release|Any CPU
		{DF49442C-BCC8-F5A3-9875-F3D350274957}.Debug|Any CPU.ActiveCfg = Debug|Any CPU
		{DF49442C-BCC8-F5A3-9875-F3D350274957}.Debug|Any CPU.Build.0 = Debug|Any CPU
		{DF49442C-BCC8-F5A3-9875-F3D350274957}.Release|Any CPU.ActiveCfg = Release|Any CPU
		{DF49442C-BCC8-F5A3-9875-F3D350274957}.Release|Any CPU.Build.0 = Release|Any CPU
		{2AF129B1-B29F-C822-AAB5-027A9ADD8085}.Debug|Any CPU.ActiveCfg = Debug|Any CPU
		{2AF129B1-B29F-C822-AAB5-027A9ADD8085}.Debug|Any CPU.Build.0 = Debug|Any CPU
		{2AF129B1-B29F-C822-AAB5-027A9ADD8085}.Release|Any CPU.ActiveCfg = Release|Any CPU
		{2AF129B1-B29F-C822-AAB5-027A9ADD8085}.Release|Any CPU.Build.0 = Release|Any CPU
		{D1EC6FBB-0815-BBA4-E028-92CC3926259D}.Debug|Any CPU.ActiveCfg = Debug|Any CPU
		{D1EC6FBB-0815-BBA4-E028-92CC3926259D}.Debug|Any CPU.Build.0 = Debug|Any CPU
		{D1EC6FBB-0815-BBA4-E028-92CC3926259D}.Release|Any CPU.ActiveCfg = Release|Any CPU
		{D1EC6FBB-0815-BBA4-E028-92CC3926259D}.Release|Any CPU.Build.0 = Release|Any CPU
	EndGlobalSection
	GlobalSection(SolutionProperties) = preSolution
		HideSolutionNode = FALSE
	EndGlobalSection
	GlobalSection(MonoDevelopProperties) = preSolution
		StartupItem = Assembly-CSharp.csproj
	EndGlobalSection
EndGlobal
